// !$*UTF8*$!
{
	archiveVersion = 1;
	classes = {
	};
	objectVersion = 46;
	objects = {

/* Begin PBXBuildFile section */
		0A31F3F61949C6040066C667 /* Foundation.framework in Frameworks */ = {isa = PBXBuildFile; fileRef = 0A31F3F51949C6040066C667 /* Foundation.framework */; };
		0A31F3F81949C6040066C667 /* CoreGraphics.framework in Frameworks */ = {isa = PBXBuildFile; fileRef = 0A31F3F71949C6040066C667 /* CoreGraphics.framework */; };
		0A31F3FA1949C6040066C667 /* UIKit.framework in Frameworks */ = {isa = PBXBuildFile; fileRef = 0A31F3F91949C6040066C667 /* UIKit.framework */; };
		0A31F4001949C6040066C667 /* InfoPlist.strings in Resources */ = {isa = PBXBuildFile; fileRef = 0A31F3FE1949C6040066C667 /* InfoPlist.strings */; };
		0A31F4021949C6040066C667 /* main.m in Sources */ = {isa = PBXBuildFile; fileRef = 0A31F4011949C6040066C667 /* main.m */; };
		0A31F4061949C6040066C667 /* EscapeAppDelegate.m in Sources */ = {isa = PBXBuildFile; fileRef = 0A31F4051949C6040066C667 /* EscapeAppDelegate.m */; };
		0A31F4091949C6040066C667 /* Main_iPhone.storyboard in Resources */ = {isa = PBXBuildFile; fileRef = 0A31F4071949C6040066C667 /* Main_iPhone.storyboard */; };
		0A31F40C1949C6040066C667 /* Main_iPad.storyboard in Resources */ = {isa = PBXBuildFile; fileRef = 0A31F40A1949C6040066C667 /* Main_iPad.storyboard */; };
		0A31F40F1949C6040066C667 /* EscapeViewController.m in Sources */ = {isa = PBXBuildFile; fileRef = 0A31F40E1949C6040066C667 /* EscapeViewController.m */; };
		0A31F4111949C6040066C667 /* Images.xcassets in Resources */ = {isa = PBXBuildFile; fileRef = 0A31F4101949C6040066C667 /* Images.xcassets */; };
		0A31F4181949C6040066C667 /* XCTest.framework in Frameworks */ = {isa = PBXBuildFile; fileRef = 0A31F4171949C6040066C667 /* XCTest.framework */; };
		0A31F4191949C6040066C667 /* Foundation.framework in Frameworks */ = {isa = PBXBuildFile; fileRef = 0A31F3F51949C6040066C667 /* Foundation.framework */; };
		0A31F41A1949C6040066C667 /* UIKit.framework in Frameworks */ = {isa = PBXBuildFile; fileRef = 0A31F3F91949C6040066C667 /* UIKit.framework */; };
		0A31F4221949C6040066C667 /* InfoPlist.strings in Resources */ = {isa = PBXBuildFile; fileRef = 0A31F4201949C6040066C667 /* InfoPlist.strings */; };
		0A31F4241949C6040066C667 /* EscapeTests.m in Sources */ = {isa = PBXBuildFile; fileRef = 0A31F4231949C6040066C667 /* EscapeTests.m */; };
		DE46256719897AA2002544E7 /* PlaygroundView.m in Sources */ = {isa = PBXBuildFile; fileRef = DE46256619897AA2002544E7 /* PlaygroundView.m */; };
/* End PBXBuildFile section */

/* Begin PBXContainerItemProxy section */
		0A31F41B1949C6040066C667 /* PBXContainerItemProxy */ = {
			isa = PBXContainerItemProxy;
			containerPortal = 0A31F3EA1949C6040066C667 /* Project object */;
			proxyType = 1;
			remoteGlobalIDString = 0A31F3F11949C6040066C667;
			remoteInfo = Escape;
		};
/* End PBXContainerItemProxy section */

/* Begin PBXFileReference section */
		0A31F3F21949C6040066C667 /* Escape.app */ = {isa = PBXFileReference; explicitFileType = wrapper.application; includeInIndex = 0; path = Escape.app; sourceTree = BUILT_PRODUCTS_DIR; };
		0A31F3F51949C6040066C667 /* Foundation.framework */ = {isa = PBXFileReference; lastKnownFileType = wrapper.framework; name = Foundation.framework; path = System/Library/Frameworks/Foundation.framework; sourceTree = SDKROOT; };
		0A31F3F71949C6040066C667 /* CoreGraphics.framework */ = {isa = PBXFileReference; lastKnownFileType = wrapper.framework; name = CoreGraphics.framework; path = System/Library/Frameworks/CoreGraphics.framework; sourceTree = SDKROOT; };
		0A31F3F91949C6040066C667 /* UIKit.framework */ = {isa = PBXFileReference; lastKnownFileType = wrapper.framework; name = UIKit.framework; path = System/Library/Frameworks/UIKit.framework; sourceTree = SDKROOT; };
		0A31F3FD1949C6040066C667 /* Escape-Info.plist */ = {isa = PBXFileReference; lastKnownFileType = text.plist.xml; path = "Escape-Info.plist"; sourceTree = "<group>"; };
		0A31F3FF1949C6040066C667 /* en */ = {isa = PBXFileReference; lastKnownFileType = text.plist.strings; name = en; path = en.lproj/InfoPlist.strings; sourceTree = "<group>"; };
		0A31F4011949C6040066C667 /* main.m */ = {isa = PBXFileReference; lastKnownFileType = sourcecode.c.objc; path = main.m; sourceTree = "<group>"; };
		0A31F4031949C6040066C667 /* Escape-Prefix.pch */ = {isa = PBXFileReference; lastKnownFileType = sourcecode.c.h; path = "Escape-Prefix.pch"; sourceTree = "<group>"; };
		0A31F4041949C6040066C667 /* EscapeAppDelegate.h */ = {isa = PBXFileReference; lastKnownFileType = sourcecode.c.h; path = EscapeAppDelegate.h; sourceTree = "<group>"; };
		0A31F4051949C6040066C667 /* EscapeAppDelegate.m */ = {isa = PBXFileReference; lastKnownFileType = sourcecode.c.objc; path = EscapeAppDelegate.m; sourceTree = "<group>"; };
		0A31F4081949C6040066C667 /* Base */ = {isa = PBXFileReference; lastKnownFileType = file.storyboard; name = Base; path = Base.lproj/Main_iPhone.storyboard; sourceTree = "<group>"; };
		0A31F40B1949C6040066C667 /* Base */ = {isa = PBXFileReference; lastKnownFileType = file.storyboard; name = Base; path = Base.lproj/Main_iPad.storyboard; sourceTree = "<group>"; };
		0A31F40D1949C6040066C667 /* EscapeViewController.h */ = {isa = PBXFileReference; lastKnownFileType = sourcecode.c.h; path = EscapeViewController.h; sourceTree = "<group>"; };
		0A31F40E1949C6040066C667 /* EscapeViewController.m */ = {isa = PBXFileReference; lastKnownFileType = sourcecode.c.objc; path = EscapeViewController.m; sourceTree = "<group>"; };
		0A31F4101949C6040066C667 /* Images.xcassets */ = {isa = PBXFileReference; lastKnownFileType = folder.assetcatalog; path = Images.xcassets; sourceTree = "<group>"; };
		0A31F4161949C6040066C667 /* EscapeTests.xctest */ = {isa = PBXFileReference; explicitFileType = wrapper.cfbundle; includeInIndex = 0; path = EscapeTests.xctest; sourceTree = BUILT_PRODUCTS_DIR; };
		0A31F4171949C6040066C667 /* XCTest.framework */ = {isa = PBXFileReference; lastKnownFileType = wrapper.framework; name = XCTest.framework; path = Library/Frameworks/XCTest.framework; sourceTree = DEVELOPER_DIR; };
		0A31F41F1949C6040066C667 /* EscapeTests-Info.plist */ = {isa = PBXFileReference; lastKnownFileType = text.plist.xml; path = "EscapeTests-Info.plist"; sourceTree = "<group>"; };
		0A31F4211949C6040066C667 /* en */ = {isa = PBXFileReference; lastKnownFileType = text.plist.strings; name = en; path = en.lproj/InfoPlist.strings; sourceTree = "<group>"; };
		0A31F4231949C6040066C667 /* EscapeTests.m */ = {isa = PBXFileReference; lastKnownFileType = sourcecode.c.objc; path = EscapeTests.m; sourceTree = "<group>"; };
		DE46256519897AA2002544E7 /* PlaygroundView.h */ = {isa = PBXFileReference; fileEncoding = 4; lastKnownFileType = sourcecode.c.h; path = PlaygroundView.h; sourceTree = "<group>"; };
		DE46256619897AA2002544E7 /* PlaygroundView.m */ = {isa = PBXFileReference; fileEncoding = 4; lastKnownFileType = sourcecode.c.objc; path = PlaygroundView.m; sourceTree = "<group>"; };
/* End PBXFileReference section */

/* Begin PBXFrameworksBuildPhase section */
		0A31F3EF1949C6040066C667 /* Frameworks */ = {
			isa = PBXFrameworksBuildPhase;
			buildActionMask = 2147483647;
			files = (
				0A31F3F81949C6040066C667 /* CoreGraphics.framework in Frameworks */,
				0A31F3FA1949C6040066C667 /* UIKit.framework in Frameworks */,
				0A31F3F61949C6040066C667 /* Foundation.framework in Frameworks */,
			);
			runOnlyForDeploymentPostprocessing = 0;
		};
		0A31F4131949C6040066C667 /* Frameworks */ = {
			isa = PBXFrameworksBuildPhase;
			buildActionMask = 2147483647;
			files = (
				0A31F4181949C6040066C667 /* XCTest.framework in Frameworks */,
				0A31F41A1949C6040066C667 /* UIKit.framework in Frameworks */,
				0A31F4191949C6040066C667 /* Foundation.framework in Frameworks */,
			);
			runOnlyForDeploymentPostprocessing = 0;
		};
/* End PBXFrameworksBuildPhase section */

/* Begin PBXGroup section */
		0A31F3E91949C6040066C667 = {
			isa = PBXGroup;
			children = (
				0A31F3FB1949C6040066C667 /* Escape */,
				0A31F41D1949C6040066C667 /* EscapeTests */,
				0A31F3F41949C6040066C667 /* Frameworks */,
				0A31F3F31949C6040066C667 /* Products */,
			);
			sourceTree = "<group>";
		};
		0A31F3F31949C6040066C667 /* Products */ = {
			isa = PBXGroup;
			children = (
				0A31F3F21949C6040066C667 /* Escape.app */,
				0A31F4161949C6040066C667 /* EscapeTests.xctest */,
			);
			name = Products;
			sourceTree = "<group>";
		};
		0A31F3F41949C6040066C667 /* Frameworks */ = {
			isa = PBXGroup;
			children = (
				0A31F3F51949C6040066C667 /* Foundation.framework */,
				0A31F3F71949C6040066C667 /* CoreGraphics.framework */,
				0A31F3F91949C6040066C667 /* UIKit.framework */,
				0A31F4171949C6040066C667 /* XCTest.framework */,
			);
			name = Frameworks;
			sourceTree = "<group>";
		};
		0A31F3FB1949C6040066C667 /* Escape */ = {
			isa = PBXGroup;
			children = (
				0A31F4041949C6040066C667 /* EscapeAppDelegate.h */,
				0A31F4051949C6040066C667 /* EscapeAppDelegate.m */,
				0A31F4071949C6040066C667 /* Main_iPhone.storyboard */,
				0A31F40A1949C6040066C667 /* Main_iPad.storyboard */,
				DE46256519897AA2002544E7 /* PlaygroundView.h */,
				DE46256619897AA2002544E7 /* PlaygroundView.m */,
				0A31F40D1949C6040066C667 /* EscapeViewController.h */,
				0A31F40E1949C6040066C667 /* EscapeViewController.m */,
				0A31F4101949C6040066C667 /* Images.xcassets */,
				0A31F3FC1949C6040066C667 /* Supporting Files */,
			);
			path = Escape;
			sourceTree = "<group>";
		};
		0A31F3FC1949C6040066C667 /* Supporting Files */ = {
			isa = PBXGroup;
			children = (
				0A31F3FD1949C6040066C667 /* Escape-Info.plist */,
				0A31F3FE1949C6040066C667 /* InfoPlist.strings */,
				0A31F4011949C6040066C667 /* main.m */,
				0A31F4031949C6040066C667 /* Escape-Prefix.pch */,
			);
			name = "Supporting Files";
			sourceTree = "<group>";
		};
		0A31F41D1949C6040066C667 /* EscapeTests */ = {
			isa = PBXGroup;
			children = (
				0A31F4231949C6040066C667 /* EscapeTests.m */,
				0A31F41E1949C6040066C667 /* Supporting Files */,
			);
			path = EscapeTests;
			sourceTree = "<group>";
		};
		0A31F41E1949C6040066C667 /* Supporting Files */ = {
			isa = PBXGroup;
			children = (
				0A31F41F1949C6040066C667 /* EscapeTests-Info.plist */,
				0A31F4201949C6040066C667 /* InfoPlist.strings */,
			);
			name = "Supporting Files";
			sourceTree = "<group>";
		};
/* End PBXGroup section */

/* Begin PBXNativeTarget section */
		0A31F3F11949C6040066C667 /* Escape */ = {
			isa = PBXNativeTarget;
			buildConfigurationList = 0A31F4271949C6040066C667 /* Build configuration list for PBXNativeTarget "Escape" */;
			buildPhases = (
				0A31F3EE1949C6040066C667 /* Sources */,
				0A31F3EF1949C6040066C667 /* Frameworks */,
				0A31F3F01949C6040066C667 /* Resources */,
			);
			buildRules = (
			);
			dependencies = (
			);
			name = Escape;
			productName = Escape;
			productReference = 0A31F3F21949C6040066C667 /* Escape.app */;
			productType = "com.apple.product-type.application";
		};
		0A31F4151949C6040066C667 /* EscapeTests */ = {
			isa = PBXNativeTarget;
			buildConfigurationList = 0A31F42A1949C6040066C667 /* Build configuration list for PBXNativeTarget "EscapeTests" */;
			buildPhases = (
				0A31F4121949C6040066C667 /* Sources */,
				0A31F4131949C6040066C667 /* Frameworks */,
				0A31F4141949C6040066C667 /* Resources */,
			);
			buildRules = (
			);
			dependencies = (
				0A31F41C1949C6040066C667 /* PBXTargetDependency */,
			);
			name = EscapeTests;
			productName = EscapeTests;
			productReference = 0A31F4161949C6040066C667 /* EscapeTests.xctest */;
			productType = "com.apple.product-type.bundle.unit-test";
		};
/* End PBXNativeTarget section */

/* Begin PBXProject section */
		0A31F3EA1949C6040066C667 /* Project object */ = {
			isa = PBXProject;
			attributes = {
				CLASSPREFIX = Escape;
				LastUpgradeCheck = 0510;
				ORGANIZATIONNAME = "___kevinPitolin___";
				TargetAttributes = {
					0A31F4151949C6040066C667 = {
						TestTargetID = 0A31F3F11949C6040066C667;
					};
				};
			};
			buildConfigurationList = 0A31F3ED1949C6040066C667 /* Build configuration list for PBXProject "Escape" */;
			compatibilityVersion = "Xcode 3.2";
			developmentRegion = English;
			hasScannedForEncodings = 0;
			knownRegions = (
				en,
				Base,
			);
			mainGroup = 0A31F3E91949C6040066C667;
			productRefGroup = 0A31F3F31949C6040066C667 /* Products */;
			projectDirPath = "";
			projectRoot = "";
			targets = (
				0A31F3F11949C6040066C667 /* Escape */,
				0A31F4151949C6040066C667 /* EscapeTests */,
			);
		};
/* End PBXProject section */

/* Begin PBXResourcesBuildPhase section */
		0A31F3F01949C6040066C667 /* Resources */ = {
			isa = PBXResourcesBuildPhase;
			buildActionMask = 2147483647;
			files = (
				0A31F40C1949C6040066C667 /* Main_iPad.storyboard in Resources */,
				0A31F4111949C6040066C667 /* Images.xcassets in Resources */,
				0A31F4091949C6040066C667 /* Main_iPhone.storyboard in Resources */,
				0A31F4001949C6040066C667 /* InfoPlist.strings in Resources */,
			);
			runOnlyForDeploymentPostprocessing = 0;
		};
		0A31F4141949C6040066C667 /* Resources */ = {
			isa = PBXResourcesBuildPhase;
			buildActionMask = 2147483647;
			files = (
				0A31F4221949C6040066C667 /* InfoPlist.strings in Resources */,
			);
			runOnlyForDeploymentPostprocessing = 0;
		};
/* End PBXResourcesBuildPhase section */

/* Begin PBXSourcesBuildPhase section */
		0A31F3EE1949C6040066C667 /* Sources */ = {
			isa = PBXSourcesBuildPhase;
			buildActionMask = 2147483647;
			files = (
				0A31F4021949C6040066C667 /* main.m in Sources */,
				0A31F40F1949C6040066C667 /* EscapeViewController.m in Sources */,
				0A31F4061949C6040066C667 /* EscapeAppDelegate.m in Sources */,
				DE46256719897AA2002544E7 /* PlaygroundView.m in Sources */,
			);
			runOnlyForDeploymentPostprocessing = 0;
		};
		0A31F4121949C6040066C667 /* Sources */ = {
			isa = PBXSourcesBuildPhase;
			buildActionMask = 2147483647;
			files = (
				0A31F4241949C6040066C667 /* EscapeTests.m in Sources */,
			);
			runOnlyForDeploymentPostprocessing = 0;
		};
/* End PBXSourcesBuildPhase section */

/* Begin PBXTargetDependency section */
		0A31F41C1949C6040066C667 /* PBXTargetDependency */ = {
			isa = PBXTargetDependency;
			target = 0A31F3F11949C6040066C667 /* Escape */;
			targetProxy = 0A31F41B1949C6040066C667 /* PBXContainerItemProxy */;
		};
/* End PBXTargetDependency section */

/* Begin PBXVariantGroup section */
		0A31F3FE1949C6040066C667 /* InfoPlist.strings */ = {
			isa = PBXVariantGroup;
			children = (
				0A31F3FF1949C6040066C667 /* en */,
			);
			name = InfoPlist.strings;
			sourceTree = "<group>";
		};
		0A31F4071949C6040066C667 /* Main_iPhone.storyboard */ = {
			isa = PBXVariantGroup;
			children = (
				0A31F4081949C6040066C667 /* Base */,
			);
			name = Main_iPhone.storyboard;
			sourceTree = "<group>";
		};
		0A31F40A1949C6040066C667 /* Main_iPad.storyboard */ = {
			isa = PBXVariantGroup;
			children = (
				0A31F40B1949C6040066C667 /* Base */,
			);
			name = Main_iPad.storyboard;
			sourceTree = "<group>";
		};
		0A31F4201949C6040066C667 /* InfoPlist.strings */ = {
			isa = PBXVariantGroup;
			children = (
				0A31F4211949C6040066C667 /* en */,
			);
			name = InfoPlist.strings;
			sourceTree = "<group>";
		};
/* End PBXVariantGroup section */

/* Begin XCBuildConfiguration section */
		0A31F4251949C6040066C667 /* Debug */ = {
			isa = XCBuildConfiguration;
			buildSettings = {
				ALWAYS_SEARCH_USER_PATHS = NO;
				CLANG_CXX_LANGUAGE_STANDARD = "gnu++0x";
				CLANG_CXX_LIBRARY = "libc++";
				CLANG_ENABLE_MODULES = YES;
				CLANG_ENABLE_OBJC_ARC = YES;
				CLANG_WARN_BOOL_CONVERSION = YES;
				CLANG_WARN_CONSTANT_CONVERSION = YES;
				CLANG_WARN_DIRECT_OBJC_ISA_USAGE = YES_ERROR;
				CLANG_WARN_EMPTY_BODY = YES;
				CLANG_WARN_ENUM_CONVERSION = YES;
				CLANG_WARN_INT_CONVERSION = YES;
				CLANG_WARN_OBJC_ROOT_CLASS = YES_ERROR;
				CLANG_WARN__DUPLICATE_METHOD_MATCH = YES;
				"CODE_SIGN_IDENTITY[sdk=iphoneos*]" = "iPhone Developer";
				COPY_PHASE_STRIP = NO;
				GCC_C_LANGUAGE_STANDARD = gnu99;
				GCC_DYNAMIC_NO_PIC = NO;
				GCC_OPTIMIZATION_LEVEL = 0;
				GCC_PREPROCESSOR_DEFINITIONS = (
					"DEBUG=1",
					"$(inherited)",
				);
				GCC_SYMBOLS_PRIVATE_EXTERN = NO;
				GCC_WARN_64_TO_32_BIT_CONVERSION = YES;
				GCC_WARN_ABOUT_RETURN_TYPE = YES_ERROR;
				GCC_WARN_UNDECLARED_SELECTOR = YES;
				GCC_WARN_UNINITIALIZED_AUTOS = YES_AGGRESSIVE;
				GCC_WARN_UNUSED_FUNCTION = YES;
				GCC_WARN_UNUSED_VARIABLE = YES;
				IPHONEOS_DEPLOYMENT_TARGET = 7.1;
				ONLY_ACTIVE_ARCH = YES;
				SDKROOT = iphoneos;
				TARGETED_DEVICE_FAMILY = "1,2";
			};
			name = Debug;
		};
		0A31F4261949C6040066C667 /* Release */ = {
			isa = XCBuildConfiguration;
			buildSettings = {
				ALWAYS_SEARCH_USER_PATHS = NO;
				CLANG_CXX_LANGUAGE_STANDARD = "gnu++0x";
				CLANG_CXX_LIBRARY = "libc++";
				CLANG_ENABLE_MODULES = YES;
				CLANG_ENABLE_OBJC_ARC = YES;
				CLANG_WARN_BOOL_CONVERSION = YES;
				CLANG_WARN_CONSTANT_CONVERSION = YES;
				CLANG_WARN_DIRECT_OBJC_ISA_USAGE = YES_ERROR;
				CLANG_WARN_EMPTY_BODY = YES;
				CLANG_WARN_ENUM_CONVERSION = YES;
				CLANG_WARN_INT_CONVERSION = YES;
				CLANG_WARN_OBJC_ROOT_CLASS = YES_ERROR;
				CLANG_WARN__DUPLICATE_METHOD_MATCH = YES;
				"CODE_SIGN_IDENTITY[sdk=iphoneos*]" = "iPhone Developer";
				COPY_PHASE_STRIP = YES;
				ENABLE_NS_ASSERTIONS = NO;
				GCC_C_LANGUAGE_STANDARD = gnu99;
				GCC_WARN_64_TO_32_BIT_CONVERSION = YES;
				GCC_WARN_ABOUT_RETURN_TYPE = YES_ERROR;
				GCC_WARN_UNDECLARED_SELECTOR = YES;
				GCC_WARN_UNINITIALIZED_AUTOS = YES_AGGRESSIVE;
				GCC_WARN_UNUSED_FUNCTION = YES;
				GCC_WARN_UNUSED_VARIABLE = YES;
				IPHONEOS_DEPLOYMENT_TARGET = 7.1;
				SDKROOT = iphoneos;
				TARGETED_DEVICE_FAMILY = "1,2";
				VALIDATE_PRODUCT = YES;
			};
			name = Release;
		};
		0A31F4281949C6040066C667 /* Debug */ = {
			isa = XCBuildConfiguration;
			buildSettings = {
				ASSETCATALOG_COMPILER_APPICON_NAME = AppIcon;
				ASSETCATALOG_COMPILER_LAUNCHIMAGE_NAME = LaunchImage;
				GCC_PRECOMPILE_PREFIX_HEADER = YES;
				GCC_PREFIX_HEADER = "Escape/Escape-Prefix.pch";
				INFOPLIST_FILE = "Escape/Escape-Info.plist";
				PRODUCT_NAME = "$(TARGET_NAME)";
				WRAPPER_EXTENSION = app;
			};
			name = Debug;
		};
		0A31F4291949C6040066C667 /* Release */ = {
			isa = XCBuildConfiguration;
			buildSettings = {
				ASSETCATALOG_COMPILER_APPICON_NAME = AppIcon;
				ASSETCATALOG_COMPILER_LAUNCHIMAGE_NAME = LaunchImage;
				GCC_PRECOMPILE_PREFIX_HEADER = YES;
				GCC_PREFIX_HEADER = "Escape/Escape-Prefix.pch";
				INFOPLIST_FILE = "Escape/Escape-Info.plist";
				PRODUCT_NAME = "$(TARGET_NAME)";
				WRAPPER_EXTENSION = app;
			};
			name = Release;
		};
		0A31F42B1949C6040066C667 /* Debug */ = {
			isa = XCBuildConfiguration;
			buildSettings = {
				BUNDLE_LOADER = "$(BUILT_PRODUCTS_DIR)/Escape.app/Escape";
				FRAMEWORK_SEARCH_PATHS = (
					"$(SDKROOT)/Developer/Library/Frameworks",
					"$(inherited)",
					"$(DEVELOPER_FRAMEWORKS_DIR)",
				);
				GCC_PRECOMPILE_PREFIX_HEADER = YES;
				GCC_PREFIX_HEADER = "Escape/Escape-Prefix.pch";
				GCC_PREPROCESSOR_DEFINITIONS = (
					"DEBUG=1",
					"$(inherited)",
				);
				INFOPLIST_FILE = "EscapeTests/EscapeTests-Info.plist";
				PRODUCT_NAME = "$(TARGET_NAME)";
				TEST_HOST = "$(BUNDLE_LOADER)";
				WRAPPER_EXTENSION = xctest;
			};
			name = Debug;
		};
		0A31F42C1949C6040066C667 /* Release */ = {
			isa = XCBuildConfiguration;
			buildSettings = {
				BUNDLE_LOADER = "$(BUILT_PRODUCTS_DIR)/Escape.app/Escape";
				FRAMEWORK_SEARCH_PATHS = (
					"$(SDKROOT)/Developer/Library/Frameworks",
					"$(inherited)",
					"$(DEVELOPER_FRAMEWORKS_DIR)",
				);
				GCC_PRECOMPILE_PREFIX_HEADER = YES;
				GCC_PREFIX_HEADER = "Escape/Escape-Prefix.pch";
				INFOPLIST_FILE = "EscapeTests/EscapeTests-Info.plist";
				PRODUCT_NAME = "$(TARGET_NAME)";
				TEST_HOST = "$(BUNDLE_LOADER)";
				WRAPPER_EXTENSION = xctest;
			};
			name = Release;
		};
/* End XCBuildConfiguration section */

/* Begin XCConfigurationList section */
		0A31F3ED1949C6040066C667 /* Build configuration list for PBXProject "Escape" */ = {
			isa = XCConfigurationList;
			buildConfigurations = (
				0A31F4251949C6040066C667 /* Debug */,
				0A31F4261949C6040066C667 /* Release */,
			);
			defaultConfigurationIsVisible = 0;
			defaultConfigurationName = Release;
		};
		0A31F4271949C6040066C667 /* Build configuration list for PBXNativeTarget "Escape" */ = {
			isa = XCConfigurationList;
			buildConfigurations = (
				0A31F4281949C6040066C667 /* Debug */,
				0A31F4291949C6040066C667 /* Release */,
			);
			defaultConfigurationIsVisible = 0;
			defaultConfigurationName = Release;
		};
		0A31F42A1949C6040066C667 /* Build configuration list for PBXNativeTarget "EscapeTests" */ = {
			isa = XCConfigurationList;
			buildConfigurations = (
				0A31F42B1949C6040066C667 /* Debug */,
				0A31F42C1949C6040066C667 /* Release */,
			);
			defaultConfigurationIsVisible = 0;
			defaultConfigurationName = Release;
		};
/* End XCConfigurationList section */
	};
	rootObject = 0A31F3EA1949C6040066C667 /* Project object */;
}
